
Microsoft Visual Studio Solution File, Format Version 12.00
# Visual Studio Version 16
VisualStudioVersion = 16.0.32228.343
MinimumVisualStudioVersion = 10.0.40219.1
Project("{FAE04EC0-301F-11D3-BF4B-00C04F79EFBC}") = "CLR", "CLR\CLR.csproj", "{C3236918-A38D-4D1C-90DD-B4A7DCB9EF3A}"
EndProject
Global
	GlobalSection(SolutionConfigurationPlatforms) = preSolution
		Debug|Any CPU = Debug|Any CPU
		Release|Any CPU = Release|Any CPU
	EndGlobalSection
	GlobalSection(ProjectConfigurationPlatforms) = postSolution
		{C3236918-A38D-4D1C-90DD-B4A7DCB9EF3A}.Debug|Any CPU.ActiveCfg = Debug|Any CPU
		{C3236918-A38D-4D1C-90DD-B4A7DCB9EF3A}.Debug|Any CPU.Build.0 = Debug|Any CPU
		{C3236918-A38D-4D1C-90DD-B4A7DCB9EF3A}.Release|Any CPU.ActiveCfg = Release|Any CPU
		{C3236918-A38D-4D1C-90DD-B4A7DCB9EF3A}.Release|Any CPU.Build.0 = Release|Any CPU
	EndGlobalSection
	GlobalSection(SolutionProperties) = preSolution
		HideSolutionNode = FALSE
	EndGlobalSection
	GlobalSection(ExtensibilityGlobals) = postSolution
		SolutionGuid = {34D30B8F-8C80-49D6-8A44-AB8E8B92DA7C}
	EndGlobalSection
EndGlobal
